
Microsoft Visual Studio Solution File, Format Version 12.00
# Visual Studio 14
VisualStudioVersion = 14.0.24720.0
MinimumVisualStudioVersion = 10.0.40219.1
Project("{FAE04EC0-301F-11D3-BF4B-00C04F79EFBC}") = "Sp16-p3-g [1]", "Sp16-p3-g [1]\Sp16-p3-g [1].csproj", "{2187FF60-C7A3-4B27-9E8B-6C41302DEFBE}"
EndProject
Global
	GlobalSection(SolutionConfigurationPlatforms) = preSolution
		Debug|Any CPU = Debug|Any CPU
		Release|Any CPU = Release|Any CPU
	EndGlobalSection
	GlobalSection(ProjectConfigurationPlatforms) = postSolution
		{2187FF60-C7A3-4B27-9E8B-6C41302DEFBE}.Debug|Any CPU.ActiveCfg = Debug|Any CPU
		{2187FF60-C7A3-4B27-9E8B-6C41302DEFBE}.Debug|Any CPU.Build.0 = Debug|Any CPU
		{2187FF60-C7A3-4B27-9E8B-6C41302DEFBE}.Release|Any CPU.ActiveCfg = Release|Any CPU
		{2187FF60-C7A3-4B27-9E8B-6C41302DEFBE}.Release|Any CPU.Build.0 = Release|Any CPU
	EndGlobalSection
	GlobalSection(SolutionProperties) = preSolution
		HideSolutionNode = FALSE
	EndGlobalSection
EndGlobal
